
Microsoft Visual Studio Solution File, Format Version 12.00
# Visual Studio Version 16
VisualStudioVersion = 16.0.31019.35
MinimumVisualStudioVersion = 10.0.40219.1
Project("{FAE04EC0-301F-11D3-BF4B-00C04F79EFBC}") = "Jubilant Server", "Jubilant Server.csproj", "{9BEB1737-4CC3-4942-91F1-6E73D13F39A9}"
EndProject
Global
	GlobalSection(SolutionConfigurationPlatforms) = preSolution
		Debug|Any CPU = Debug|Any CPU
		Release|Any CPU = Release|Any CPU
	EndGlobalSection
	GlobalSection(ProjectConfigurationPlatforms) = postSolution
		{9BEB1737-4CC3-4942-91F1-6E73D13F39A9}.Debug|Any CPU.ActiveCfg = Debug|Any CPU
		{9BEB1737-4CC3-4942-91F1-6E73D13F39A9}.Debug|Any CPU.Build.0 = Debug|Any CPU
		{9BEB1737-4CC3-4942-91F1-6E73D13F39A9}.Release|Any CPU.ActiveCfg = Release|Any CPU
		{9BEB1737-4CC3-4942-91F1-6E73D13F39A9}.Release|Any CPU.Build.0 = Release|Any CPU
	EndGlobalSection
	GlobalSection(SolutionProperties) = preSolution
		HideSolutionNode = FALSE
	EndGlobalSection
	GlobalSection(ExtensibilityGlobals) = postSolution
		SolutionGuid = {6A1D8AE4-3E37-4C0C-AB1D-F300D3484082}
	EndGlobalSection
EndGlobal
